
Microsoft Visual Studio Solution File, Format Version 12.00
# Visual Studio Version 16
VisualStudioVersion = 16.0.30002.166
MinimumVisualStudioVersion = 10.0.40219.1
Project("{FAE04EC0-301F-11D3-BF4B-00C04F79EFBC}") = "Practica", "Practica.csproj", "{5084226E-4454-46DC-89BE-08EB478819D1}"
EndProject
Global
	GlobalSection(SolutionConfigurationPlatforms) = preSolution
		Debug|Any CPU = Debug|Any CPU
		Release|Any CPU = Release|Any CPU
	EndGlobalSection
	GlobalSection(ProjectConfigurationPlatforms) = postSolution
		{5084226E-4454-46DC-89BE-08EB478819D1}.Debug|Any CPU.ActiveCfg = Debug|Any CPU
		{5084226E-4454-46DC-89BE-08EB478819D1}.Debug|Any CPU.Build.0 = Debug|Any CPU
		{5084226E-4454-46DC-89BE-08EB478819D1}.Release|Any CPU.ActiveCfg = Release|Any CPU
		{5084226E-4454-46DC-89BE-08EB478819D1}.Release|Any CPU.Build.0 = Release|Any CPU
	EndGlobalSection
	GlobalSection(SolutionProperties) = preSolution
		HideSolutionNode = FALSE
	EndGlobalSection
	GlobalSection(ExtensibilityGlobals) = postSolution
		SolutionGuid = {C5836FBA-CEF0-4783-8FC2-0478B7C5A41E}
	EndGlobalSection
EndGlobal
